{
  "name": "dm-utils",
  "version": "0.0.1",
  "lockfileVersion": 1,
  "requires": true,
  "dependencies": {
    "@iobroker/adapter-core": {
      "version": "2.5.1",
      "resolved": "https://registry.npmjs.org/@iobroker/adapter-core/-/adapter-core-2.5.1.tgz",
      "integrity": "sha512-ozUQVN8dI2a7+ALmI4GxvTIZ/qoolotd1W5uSYagMuuKYbQ8ICBWO73dRT4CM/PfuVJ4wmgKllYG+IjgdN+bUw==",
      "requires": {
        "@types/iobroker": "^3.3.4"
      }
    },
    "@types/iobroker": {
      "version": "3.3.4",
      "resolved": "https://registry.npmjs.org/@types/iobroker/-/iobroker-3.3.4.tgz",
      "integrity": "sha512-+/cIRiHujPcjekv0Iec9LQ0QjfNvT4resJxmpkfbCioOzl5li10cEudiz1Z/3sROsUqTelvxmovjAdcQblDxRw==",
      "requires": {
        "@types/node": "*"
      }
    },
    "@types/node": {
      "version": "17.0.6",
      "resolved": "https://registry.npmjs.org/@types/node/-/node-17.0.6.tgz",
      "integrity": "sha512-+XBAjfZmmivILUzO0HwBJoYkAyyySSLg5KCGBDFLomJo0sV6szvVLAf4ANZZ0pfWzgEds5KmGLG9D5hfEqOhaA=="
    },
    "typescript": {
      "version": "4.5.4",
      "resolved": "https://registry.npmjs.org/typescript/-/typescript-4.5.4.tgz",
      "integrity": "sha512-VgYs2A2QIRuGphtzFV7aQJduJ2gyfTljngLzjpfW9FoYZF6xuw1W0vW9ghCKLfcWrCFxK81CSGRAvS1pn4fIUg==",
      "dev": true
    }
  }
}
