{
  "name": "dm-utils",
  "version": "0.0.1",
  "lockfileVersion": 3,
  "requires": true,
  "packages": {
    "": {
      "name": "dm-utils",
      "version": "0.0.1",
      "license": "MIT",
      "dependencies": {
        "@iobroker/adapter-core": "^2.6.8"
      },
      "devDependencies": {
        "typescript": "^4.5.4"
      }
    },
    "node_modules/@iobroker/adapter-core": {
      "version": "2.6.8",
      "resolved": "https://registry.npmjs.org/@iobroker/adapter-core/-/adapter-core-2.6.8.tgz",
      "integrity": "sha512-xrqtH5RYZ6BvEcDyfuPkajd9el4R6p0VLRYKlnfMafAbxybIN+zfeHvjGI4l8OAHkyP2tcv6boX2Vu0KnMFOHw==",
      "dependencies": {
        "@types/iobroker": "^4.0.5"
      }
    },
    "node_modules/@types/iobroker": {
      "version": "4.0.5",
      "resolved": "https://registry.npmjs.org/@types/iobroker/-/iobroker-4.0.5.tgz",
      "integrity": "sha512-D1tJwuDQEQQQ/cZVFjFjFUhUuMxJbfrz5U2UooiZwhgs69D/t8IowMvBI6Lk4ZR8HnCSxYwWHVRKyQnEMNgJPA==",
      "dependencies": {
        "@types/node": "*"
      }
    },
    "node_modules/@types/node": {
      "version": "18.15.11",
      "resolved": "https://registry.npmjs.org/@types/node/-/node-18.15.11.tgz",
      "integrity": "sha512-E5Kwq2n4SbMzQOn6wnmBjuK9ouqlURrcZDVfbo9ftDDTFt3nk7ZKK4GMOzoYgnpQJKcxwQw+lGaBvvlMo0qN/Q=="
    },
    "node_modules/typescript": {
      "version": "4.5.4",
      "resolved": "https://registry.npmjs.org/typescript/-/typescript-4.5.4.tgz",
      "integrity": "sha512-VgYs2A2QIRuGphtzFV7aQJduJ2gyfTljngLzjpfW9FoYZF6xuw1W0vW9ghCKLfcWrCFxK81CSGRAvS1pn4fIUg==",
      "dev": true,
      "bin": {
        "tsc": "bin/tsc",
        "tsserver": "bin/tsserver"
      },
      "engines": {
        "node": ">=4.2.0"
      }
    }
  }
}
